
Microsoft Visual Studio Solution File, Format Version 12.00
# Visual Studio Version 16
VisualStudioVersion = 16.0.31025.194
MinimumVisualStudioVersion = 10.0.40219.1
Project("{9A19103F-16F7-4668-BE54-9A1E7A4F7556}") = "EventApi", "EventApi\EventApi.csproj", "{99B2367F-64E5-472B-A8C5-A2334C636865}"
EndProject
Project("{FAE04EC0-301F-11D3-BF4B-00C04F79EFBC}") = "ApiTest", "ApiTest\ApiTest.csproj", "{25F09BC4-4999-482E-B4D0-ED231D434B72}"
EndProject
Global
	GlobalSection(SolutionConfigurationPlatforms) = preSolution
		Debug|Any CPU = Debug|Any CPU
		Release|Any CPU = Release|Any CPU
	EndGlobalSection
	GlobalSection(ProjectConfigurationPlatforms) = postSolution
		{99B2367F-64E5-472B-A8C5-A2334C636865}.Debug|Any CPU.ActiveCfg = Debug|Any CPU
		{99B2367F-64E5-472B-A8C5-A2334C636865}.Debug|Any CPU.Build.0 = Debug|Any CPU
		{99B2367F-64E5-472B-A8C5-A2334C636865}.Release|Any CPU.ActiveCfg = Release|Any CPU
		{99B2367F-64E5-472B-A8C5-A2334C636865}.Release|Any CPU.Build.0 = Release|Any CPU
		{25F09BC4-4999-482E-B4D0-ED231D434B72}.Debug|Any CPU.ActiveCfg = Debug|Any CPU
		{25F09BC4-4999-482E-B4D0-ED231D434B72}.Debug|Any CPU.Build.0 = Debug|Any CPU
		{25F09BC4-4999-482E-B4D0-ED231D434B72}.Release|Any CPU.ActiveCfg = Release|Any CPU
		{25F09BC4-4999-482E-B4D0-ED231D434B72}.Release|Any CPU.Build.0 = Release|Any CPU
	EndGlobalSection
	GlobalSection(SolutionProperties) = preSolution
		HideSolutionNode = FALSE
	EndGlobalSection
	GlobalSection(ExtensibilityGlobals) = postSolution
		SolutionGuid = {5CF0AACA-03BF-4EF0-9080-99B55065ADE5}
	EndGlobalSection
EndGlobal
