
Microsoft Visual Studio Solution File, Format Version 12.00
# Visual Studio Version 16
VisualStudioVersion = 16.0.31005.135
MinimumVisualStudioVersion = 10.0.40219.1
Project("{FAE04EC0-301F-11D3-BF4B-00C04F79EFBC}") = "homework1", "homework1\homework1.csproj", "{F87210E8-D9E7-4393-A51C-4475E9318B14}"
EndProject
Global
	GlobalSection(SolutionConfigurationPlatforms) = preSolution
		Debug|Any CPU = Debug|Any CPU
		Release|Any CPU = Release|Any CPU
	EndGlobalSection
	GlobalSection(ProjectConfigurationPlatforms) = postSolution
		{F87210E8-D9E7-4393-A51C-4475E9318B14}.Debug|Any CPU.ActiveCfg = Debug|Any CPU
		{F87210E8-D9E7-4393-A51C-4475E9318B14}.Debug|Any CPU.Build.0 = Debug|Any CPU
		{F87210E8-D9E7-4393-A51C-4475E9318B14}.Release|Any CPU.ActiveCfg = Release|Any CPU
		{F87210E8-D9E7-4393-A51C-4475E9318B14}.Release|Any CPU.Build.0 = Release|Any CPU
	EndGlobalSection
	GlobalSection(SolutionProperties) = preSolution
		HideSolutionNode = FALSE
	EndGlobalSection
	GlobalSection(ExtensibilityGlobals) = postSolution
		SolutionGuid = {323AEC3C-8BA4-42B3-B2EA-52C7FF6A41A6}
	EndGlobalSection
EndGlobal
